
Microsoft Visual Studio Solution File, Format Version 12.00
# Visual Studio Version 17
VisualStudioVersion = 17.3.32929.385
MinimumVisualStudioVersion = 10.0.40219.1
Project("{9A19103F-16F7-4668-BE54-9A1E7A4F7556}") = "OpenSourceBar", "OpenSourceBar\OpenSourceBar.csproj", "{0E061A1C-FF7A-4AB8-A659-07BE524EC866}"
EndProject
Global
	GlobalSection(SolutionConfigurationPlatforms) = preSolution
		Debug|Any CPU = Debug|Any CPU
		Release|Any CPU = Release|Any CPU
	EndGlobalSection
	GlobalSection(ProjectConfigurationPlatforms) = postSolution
		{0E061A1C-FF7A-4AB8-A659-07BE524EC866}.Debug|Any CPU.ActiveCfg = Release|Any CPU
		{0E061A1C-FF7A-4AB8-A659-07BE524EC866}.Debug|Any CPU.Build.0 = Release|Any CPU
		{0E061A1C-FF7A-4AB8-A659-07BE524EC866}.Release|Any CPU.ActiveCfg = Release|Any CPU
		{0E061A1C-FF7A-4AB8-A659-07BE524EC866}.Release|Any CPU.Build.0 = Release|Any CPU
	EndGlobalSection
	GlobalSection(SolutionProperties) = preSolution
		HideSolutionNode = FALSE
	EndGlobalSection
	GlobalSection(ExtensibilityGlobals) = postSolution
		SolutionGuid = {E6C230F0-77EA-4946-8BB1-B7C5518782D6}
	EndGlobalSection
EndGlobal
